
Microsoft Visual Studio Solution File, Format Version 12.00
# Visual Studio 15
VisualStudioVersion = 15.0.28307.1062
MinimumVisualStudioVersion = 10.0.40219.1
Project("{FAE04EC0-301F-11D3-BF4B-00C04F79EFBC}") = "FinalWawaApp", "FinalWawaApp\FinalWawaApp.csproj", "{03C1A6CE-B134-4604-95A7-45D8C2416EA4}"
EndProject
Global
	GlobalSection(SolutionConfigurationPlatforms) = preSolution
		Debug|Any CPU = Debug|Any CPU
		Release|Any CPU = Release|Any CPU
	EndGlobalSection
	GlobalSection(ProjectConfigurationPlatforms) = postSolution
		{03C1A6CE-B134-4604-95A7-45D8C2416EA4}.Debug|Any CPU.ActiveCfg = Debug|Any CPU
		{03C1A6CE-B134-4604-95A7-45D8C2416EA4}.Debug|Any CPU.Build.0 = Debug|Any CPU
		{03C1A6CE-B134-4604-95A7-45D8C2416EA4}.Release|Any CPU.ActiveCfg = Release|Any CPU
		{03C1A6CE-B134-4604-95A7-45D8C2416EA4}.Release|Any CPU.Build.0 = Release|Any CPU
	EndGlobalSection
	GlobalSection(SolutionProperties) = preSolution
		HideSolutionNode = FALSE
	EndGlobalSection
	GlobalSection(ExtensibilityGlobals) = postSolution
		SolutionGuid = {753EBEAD-3941-4BDF-A3A1-52ED3E5D957F}
	EndGlobalSection
EndGlobal
